
Microsoft Visual Studio Solution File, Format Version 12.00
# Visual Studio Version 16
VisualStudioVersion = 16.0.29609.76
MinimumVisualStudioVersion = 10.0.40219.1
Project("{FAE04EC0-301F-11D3-BF4B-00C04F79EFBC}") = "BGoodMusic.Models", "BGoodMusic.Models\BGoodMusic.Models.csproj", "{51C93336-9FEA-45B3-9E2C-6797A9C103FB}"
EndProject
Project("{2150E333-8FDC-42A3-9474-1A3956D46DE8}") = "_docs", "_docs", "{E0F6D31F-2689-440E-9BC4-89F402B871C4}"
	ProjectSection(SolutionItems) = preProject
		_docs\EF_Resources.md = _docs\EF_Resources.md
		readme.md = readme.md
	EndProjectSection
EndProject
Project("{FAE04EC0-301F-11D3-BF4B-00C04F79EFBC}") = "BGoodMusic.Common", "BGoodMusic.Common\BGoodMusic.Common.csproj", "{3351F92E-AB2E-4EC4-A9B6-49A83411F5D7}"
	ProjectSection(ProjectDependencies) = postProject
		{51C93336-9FEA-45B3-9E2C-6797A9C103FB} = {51C93336-9FEA-45B3-9E2C-6797A9C103FB}
	EndProjectSection
EndProject
Project("{FAE04EC0-301F-11D3-BF4B-00C04F79EFBC}") = "BGoodMusic.EFDAL", "BGoodMusic.EFDAL\BGoodMusic.EFDAL.csproj", "{FB6A86EF-440F-4D14-9799-50E92A9B4558}"
	ProjectSection(ProjectDependencies) = postProject
		{3351F92E-AB2E-4EC4-A9B6-49A83411F5D7} = {3351F92E-AB2E-4EC4-A9B6-49A83411F5D7}
		{51C93336-9FEA-45B3-9E2C-6797A9C103FB} = {51C93336-9FEA-45B3-9E2C-6797A9C103FB}
	EndProjectSection
EndProject
Global
	GlobalSection(SolutionConfigurationPlatforms) = preSolution
		Debug|Any CPU = Debug|Any CPU
		Release|Any CPU = Release|Any CPU
	EndGlobalSection
	GlobalSection(ProjectConfigurationPlatforms) = postSolution
		{51C93336-9FEA-45B3-9E2C-6797A9C103FB}.Debug|Any CPU.ActiveCfg = Debug|Any CPU
		{51C93336-9FEA-45B3-9E2C-6797A9C103FB}.Debug|Any CPU.Build.0 = Debug|Any CPU
		{51C93336-9FEA-45B3-9E2C-6797A9C103FB}.Release|Any CPU.ActiveCfg = Release|Any CPU
		{51C93336-9FEA-45B3-9E2C-6797A9C103FB}.Release|Any CPU.Build.0 = Release|Any CPU
		{3351F92E-AB2E-4EC4-A9B6-49A83411F5D7}.Debug|Any CPU.ActiveCfg = Debug|Any CPU
		{3351F92E-AB2E-4EC4-A9B6-49A83411F5D7}.Debug|Any CPU.Build.0 = Debug|Any CPU
		{3351F92E-AB2E-4EC4-A9B6-49A83411F5D7}.Release|Any CPU.ActiveCfg = Release|Any CPU
		{3351F92E-AB2E-4EC4-A9B6-49A83411F5D7}.Release|Any CPU.Build.0 = Release|Any CPU
		{FB6A86EF-440F-4D14-9799-50E92A9B4558}.Debug|Any CPU.ActiveCfg = Debug|Any CPU
		{FB6A86EF-440F-4D14-9799-50E92A9B4558}.Debug|Any CPU.Build.0 = Debug|Any CPU
		{FB6A86EF-440F-4D14-9799-50E92A9B4558}.Release|Any CPU.ActiveCfg = Release|Any CPU
		{FB6A86EF-440F-4D14-9799-50E92A9B4558}.Release|Any CPU.Build.0 = Release|Any CPU
	EndGlobalSection
	GlobalSection(SolutionProperties) = preSolution
		HideSolutionNode = FALSE
	EndGlobalSection
	GlobalSection(ExtensibilityGlobals) = postSolution
		SolutionGuid = {6D121AF7-F3D0-46C3-969C-BCC7A30F281E}
	EndGlobalSection
EndGlobal
